
Microsoft Visual Studio Solution File, Format Version 12.00
# Visual Studio Version 16
VisualStudioVersion = 16.0.29102.190
MinimumVisualStudioVersion = 10.0.40219.1
Project("{FAE04EC0-301F-11D3-BF4B-00C04F79EFBC}") = "CarShop", "CarShop\CarShop.csproj", "{DDFBC595-DD70-417B-AAF3-8ED80C1EB093}"
EndProject
Global
	GlobalSection(SolutionConfigurationPlatforms) = preSolution
		Debug|Any CPU = Debug|Any CPU
		Release|Any CPU = Release|Any CPU
	EndGlobalSection
	GlobalSection(ProjectConfigurationPlatforms) = postSolution
		{DDFBC595-DD70-417B-AAF3-8ED80C1EB093}.Debug|Any CPU.ActiveCfg = Debug|Any CPU
		{DDFBC595-DD70-417B-AAF3-8ED80C1EB093}.Debug|Any CPU.Build.0 = Debug|Any CPU
		{DDFBC595-DD70-417B-AAF3-8ED80C1EB093}.Release|Any CPU.ActiveCfg = Release|Any CPU
		{DDFBC595-DD70-417B-AAF3-8ED80C1EB093}.Release|Any CPU.Build.0 = Release|Any CPU
	EndGlobalSection
	GlobalSection(SolutionProperties) = preSolution
		HideSolutionNode = FALSE
	EndGlobalSection
	GlobalSection(ExtensibilityGlobals) = postSolution
		SolutionGuid = {42C89AED-9777-497B-BA6D-1DBB37F8AC03}
	EndGlobalSection
EndGlobal
